<?xml version="1.0" encoding="utf-8"?>
<Project ToolsVersion="4.0" xmlns="http://schemas.microsoft.com/developer/msbuild/2003">
  <ItemGroup>
    <Filter Include="BaseGraphics">
      <UniqueIdentifier>{02b830cc-a056-4941-8564-b1ab90655104}</UniqueIdentifier>
    </Filter>
    <Filter Include="Manager">
      <UniqueIdentifier>{93995380-89BD-4b04-88EB-625FBE52EBFB}</UniqueIdentifier>
      <Extensions>h;hh;hpp;hxx;hm;inl;inc;xsd</Extensions>
    </Filter>
    <Filter Include="Global">
      <UniqueIdentifier>{bb4da3d3-7aa9-4a22-ac67-1982523dc64f}</UniqueIdentifier>
    </Filter>
    <Filter Include="Tools">
      <UniqueIdentifier>{4FC737F1-C7A5-4376-A066-2A32D752A2FF}</UniqueIdentifier>
      <Extensions>cpp;c;cc;cxx;def;odl;idl;hpj;bat;asm;asmx</Extensions>
    </Filter>
    <Filter Include="Resources">
      <UniqueIdentifier>{67DA6AB6-F800-4c08-8B7A-83BB121AAD01}</UniqueIdentifier>
      <Extensions>rc;ico;cur;bmp;dlg;rc2;rct;bin;rgs;gif;jpg;jpeg;jpe;resx;tiff;tif;png;wav;mfcribbon-ms</Extensions>
    </Filter>
  </ItemGroup>
  <ItemGroup>
    <ClCompile Include="FPSPrinter.cpp">
      <Filter>Tools</Filter>
    </ClCompile>
    <ClCompile Include="Camera.cpp">
      <Filter>BaseGraphics</Filter>
    </ClCompile>
    <ClCompile Include="Mesh.cpp">
      <Filter>BaseGraphics</Filter>
    </ClCompile>
    <ClCompile Include="Shader.cpp">
      <Filter>BaseGraphics</Filter>
    </ClCompile>
    <ClCompile Include="Texture.cpp">
      <Filter>BaseGraphics</Filter>
    </ClCompile>
    <ClCompile Include="ShaderMgr.cpp">
      <Filter>Manager</Filter>
    </ClCompile>
    <ClCompile Include="TextureMgr.cpp">
      <Filter>Manager</Filter>
    </ClCompile>
    <ClCompile Include="GlobalState.cpp">
      <Filter>Global</Filter>
    </ClCompile>
    <ClCompile Include="Transform.cpp">
      <Filter>BaseGraphics</Filter>
    </ClCompile>
    <ClCompile Include="main.cpp" />
  </ItemGroup>
  <ItemGroup>
    <ClInclude Include="ShaderMgr.h">
      <Filter>Manager</Filter>
    </ClInclude>
    <ClInclude Include="TextureMgr.h">
      <Filter>Manager</Filter>
    </ClInclude>
    <ClInclude Include="Texture.h">
      <Filter>BaseGraphics</Filter>
    </ClInclude>
    <ClInclude Include="Shader.h">
      <Filter>BaseGraphics</Filter>
    </ClInclude>
    <ClInclude Include="Mesh.h">
      <Filter>BaseGraphics</Filter>
    </ClInclude>
    <ClInclude Include="Camera.h">
      <Filter>BaseGraphics</Filter>
    </ClInclude>
    <ClInclude Include="Color.h">
      <Filter>BaseGraphics</Filter>
    </ClInclude>
    <ClInclude Include="GlobalDefine.h">
      <Filter>Global</Filter>
    </ClInclude>
    <ClInclude Include="GlobalState.h">
      <Filter>Global</Filter>
    </ClInclude>
    <ClInclude Include="FPSPrinter.h">
      <Filter>Tools</Filter>
    </ClInclude>
    <ClInclude Include="Transform.h">
      <Filter>BaseGraphics</Filter>
    </ClInclude>
  </ItemGroup>
  <ItemGroup>
    <None Include="Resources\FragmentShader.glsl">
      <Filter>Resources</Filter>
    </None>
    <None Include="Resources\VertexShader.glsl">
      <Filter>Resources</Filter>
    </None>
  </ItemGroup>
  <ItemGroup>
    <Image Include="Resources\wall.jpg">
      <Filter>Resources</Filter>
    </Image>
    <Image Include="Resources\awesomeface.png">
      <Filter>Resources</Filter>
    </Image>
  </ItemGroup>
</Project>